
Microsoft Visual Studio Solution File, Format Version 12.00
# Visual Studio Version 16
VisualStudioVersion = 16.0.30523.141
MinimumVisualStudioVersion = 10.0.40219.1
Project("{8BC9CEB8-8B4A-11D0-8D11-00A0C91BC942}") = "Electron", "Electron.vcxproj", "{6623AC50-7DF9-4F2D-9CBC-C92F25B23C88}"
EndProject
Global
	GlobalSection(SolutionConfigurationPlatforms) = preSolution
		Debug|x64 = Debug|x64
		Debug|x86 = Debug|x86
		Release|x64 = Release|x64
		Release|x86 = Release|x86
	EndGlobalSection
	GlobalSection(ProjectConfigurationPlatforms) = postSolution
		{6623AC50-7DF9-4F2D-9CBC-C92F25B23C88}.Debug|x64.ActiveCfg = Debug|x64
		{6623AC50-7DF9-4F2D-9CBC-C92F25B23C88}.Debug|x64.Build.0 = Debug|x64
		{6623AC50-7DF9-4F2D-9CBC-C92F25B23C88}.Debug|x86.ActiveCfg = Debug|Win32
		{6623AC50-7DF9-4F2D-9CBC-C92F25B23C88}.Debug|x86.Build.0 = Debug|Win32
		{6623AC50-7DF9-4F2D-9CBC-C92F25B23C88}.Release|x64.ActiveCfg = Release|x64
		{6623AC50-7DF9-4F2D-9CBC-C92F25B23C88}.Release|x64.Build.0 = Release|x64
		{6623AC50-7DF9-4F2D-9CBC-C92F25B23C88}.Release|x86.ActiveCfg = Release|Win32
		{6623AC50-7DF9-4F2D-9CBC-C92F25B23C88}.Release|x86.Build.0 = Release|Win32
		{912C503A-CBF8-4918-ABD1-5BFCC34F355D}.Debug|x64.ActiveCfg = Debug
		{912C503A-CBF8-4918-ABD1-5BFCC34F355D}.Debug|x86.ActiveCfg = Debug
		{912C503A-CBF8-4918-ABD1-5BFCC34F355D}.Release|x64.ActiveCfg = Release
		{912C503A-CBF8-4918-ABD1-5BFCC34F355D}.Release|x86.ActiveCfg = Release
		{912C503A-CBF8-4918-ABD1-5BFCC34F355D}.Release|x86.Build.0 = Release
	EndGlobalSection
	GlobalSection(SolutionProperties) = preSolution
		HideSolutionNode = FALSE
	EndGlobalSection
	GlobalSection(ExtensibilityGlobals) = postSolution
		SolutionGuid = {A115E72E-6FE2-48DE-A62C-BEF4E9E3A343}
	EndGlobalSection
EndGlobal
